
Microsoft Visual Studio Solution File, Format Version 12.00
# Visual Studio Version 16
VisualStudioVersion = 16.0.29911.84
MinimumVisualStudioVersion = 10.0.40219.1
Project("{FAE04EC0-301F-11D3-BF4B-00C04F79EFBC}") = "TopMost2", "TopMost\TopMost2.csproj", "{EDB3FFEE-22DC-43DA-A833-D4B712681BD0}"
EndProject
Global
	GlobalSection(SolutionConfigurationPlatforms) = preSolution
		Debug|Any CPU = Debug|Any CPU
		Release|Any CPU = Release|Any CPU
	EndGlobalSection
	GlobalSection(ProjectConfigurationPlatforms) = postSolution
		{EDB3FFEE-22DC-43DA-A833-D4B712681BD0}.Debug|Any CPU.ActiveCfg = Debug|Any CPU
		{EDB3FFEE-22DC-43DA-A833-D4B712681BD0}.Debug|Any CPU.Build.0 = Debug|Any CPU
		{EDB3FFEE-22DC-43DA-A833-D4B712681BD0}.Release|Any CPU.ActiveCfg = Release|Any CPU
		{EDB3FFEE-22DC-43DA-A833-D4B712681BD0}.Release|Any CPU.Build.0 = Release|Any CPU
	EndGlobalSection
	GlobalSection(SolutionProperties) = preSolution
		HideSolutionNode = FALSE
	EndGlobalSection
	GlobalSection(ExtensibilityGlobals) = postSolution
		SolutionGuid = {A581DBC5-6510-4124-AB74-F6174D39AD60}
	EndGlobalSection
EndGlobal
